
Microsoft Visual Studio Solution File, Format Version 12.00
# Visual Studio Version 16
VisualStudioVersion = 16.0.31205.134
MinimumVisualStudioVersion = 10.0.40219.1
Project("{FAE04EC0-301F-11D3-BF4B-00C04F79EFBC}") = "WishList", "WishList\WishList.csproj", "{093A13D6-B324-4AA6-9777-35D4090D07B6}"
EndProject
Global
	GlobalSection(SolutionConfigurationPlatforms) = preSolution
		Debug|Any CPU = Debug|Any CPU
		Release|Any CPU = Release|Any CPU
	EndGlobalSection
	GlobalSection(ProjectConfigurationPlatforms) = postSolution
		{093A13D6-B324-4AA6-9777-35D4090D07B6}.Debug|Any CPU.ActiveCfg = Debug|Any CPU
		{093A13D6-B324-4AA6-9777-35D4090D07B6}.Debug|Any CPU.Build.0 = Debug|Any CPU
		{093A13D6-B324-4AA6-9777-35D4090D07B6}.Release|Any CPU.ActiveCfg = Release|Any CPU
		{093A13D6-B324-4AA6-9777-35D4090D07B6}.Release|Any CPU.Build.0 = Release|Any CPU
	EndGlobalSection
	GlobalSection(SolutionProperties) = preSolution
		HideSolutionNode = FALSE
	EndGlobalSection
	GlobalSection(ExtensibilityGlobals) = postSolution
		SolutionGuid = {55736B50-C430-473A-A909-4F51C89A2C4E}
	EndGlobalSection
EndGlobal
